
Microsoft Visual Studio Solution File, Format Version 12.00
# Visual Studio Version 17
VisualStudioVersion = 17.8.34408.163
MinimumVisualStudioVersion = 10.0.40219.1
Project("{FAE04EC0-301F-11D3-BF4B-00C04F79EFBC}") = "DrinkMixer", "DrinkMixer.csproj", "{DADA9782-2611-4F1E-A0F1-442470A6B521}"
EndProject
Global
	GlobalSection(SolutionConfigurationPlatforms) = preSolution
		Debug|Any CPU = Debug|Any CPU
		Release|Any CPU = Release|Any CPU
	EndGlobalSection
	GlobalSection(ProjectConfigurationPlatforms) = postSolution
		{DADA9782-2611-4F1E-A0F1-442470A6B521}.Debug|Any CPU.ActiveCfg = Debug|Any CPU
		{DADA9782-2611-4F1E-A0F1-442470A6B521}.Debug|Any CPU.Build.0 = Debug|Any CPU
		{DADA9782-2611-4F1E-A0F1-442470A6B521}.Release|Any CPU.ActiveCfg = Release|Any CPU
		{DADA9782-2611-4F1E-A0F1-442470A6B521}.Release|Any CPU.Build.0 = Release|Any CPU
	EndGlobalSection
	GlobalSection(SolutionProperties) = preSolution
		HideSolutionNode = FALSE
	EndGlobalSection
	GlobalSection(ExtensibilityGlobals) = postSolution
		SolutionGuid = {E0DA3970-2737-44C7-B447-E561412F3CB0}
	EndGlobalSection
EndGlobal
